
Microsoft Visual Studio Solution File, Format Version 12.00
# Visual Studio Version 17
VisualStudioVersion = 17.10.35027.167
MinimumVisualStudioVersion = 10.0.40219.1
Project("{2150E333-8FDC-42A3-9474-1A3956D46DE8}") = "src", "src", "{671F971F-D97E-412B-A546-67BC98EF2631}"
EndProject
Project("{9A19103F-16F7-4668-BE54-9A1E7A4F7556}") = "GoOnline.Api", "src\GoOnline.Api\GoOnline.Api.csproj", "{D20BBE52-9021-4111-98FF-C0D60C0ABD56}"
EndProject
Project("{9A19103F-16F7-4668-BE54-9A1E7A4F7556}") = "GoOnline.Domain", "src\GoOnline.Domain\GoOnline.Domain.csproj", "{277ACDB4-73A2-4BF8-A6E9-56320E3FFF5B}"
EndProject
Project("{9A19103F-16F7-4668-BE54-9A1E7A4F7556}") = "GoOnline.Application", "src\GoOnline.Application\GoOnline.Application.csproj", "{A45342C6-5C83-4A4B-8EE5-4E207B6D6DEE}"
EndProject
Project("{9A19103F-16F7-4668-BE54-9A1E7A4F7556}") = "GoOnline.Infrastructure", "src\GoOnline.Infrastructure\GoOnline.Infrastructure.csproj", "{6933360A-85CE-44BF-BEBD-7A83294EDCC7}"
EndProject
Project("{2150E333-8FDC-42A3-9474-1A3956D46DE8}") = "Solution Items", "Solution Items", "{82912489-DF5E-45D5-8705-8FA244B008F1}"
	ProjectSection(SolutionItems) = preProject
		.gitignore = .gitignore
	EndProjectSection
EndProject
Project("{2150E333-8FDC-42A3-9474-1A3956D46DE8}") = "tests", "tests", "{E993DD9A-4593-4559-B9A8-9AE8214ECDAE}"
EndProject
Project("{9A19103F-16F7-4668-BE54-9A1E7A4F7556}") = "GoOnline.Architecture.Tests", "tests\GoOnline.Architecture.Tests\GoOnline.Architecture.Tests.csproj", "{44D8C25E-AD72-4E18-95D9-5E0FF95C6056}"
EndProject
Project("{9A19103F-16F7-4668-BE54-9A1E7A4F7556}") = "GoOnline.Application.Tests", "tests\GoOnline.Application.Tests\GoOnline.Application.Tests.csproj", "{E3A76F09-611C-4078-AFC3-5CFA393D6609}"
EndProject
Project("{9A19103F-16F7-4668-BE54-9A1E7A4F7556}") = "GoOnline.Infrastructure.Tests", "tests\GoOnline.Infrastructure.Tests\GoOnline.Infrastructure.Tests.csproj", "{EA5453E7-26D1-42A2-B174-1E68EE9C9432}"
EndProject
Project("{FAE04EC0-301F-11D3-BF4B-00C04F79EFBC}") = "GoOnline.Api.Tests", "tests\GoOnline.Api.Tests\GoOnline.Api.Tests.csproj", "{3DB6B153-D633-4A0D-BFAD-A81693887E5D}"
EndProject
Project("{2150E333-8FDC-42A3-9474-1A3956D46DE8}") = "tests-integraion", "tests-integraion", "{FB77ECE3-0834-4BCA-B1D8-D33AD12CB3D2}"
EndProject
Project("{FAE04EC0-301F-11D3-BF4B-00C04F79EFBC}") = "GoOnline.Api.Integration.Tests", "tests-integration\GoOnline.Api.Integration.Tests\GoOnline.Api.Integration.Tests.csproj", "{40DB1AA5-5576-4AC4-BEFB-D2C42BBAC81C}"
EndProject
Global
	GlobalSection(SolutionConfigurationPlatforms) = preSolution
		Debug|Any CPU = Debug|Any CPU
		Release|Any CPU = Release|Any CPU
	EndGlobalSection
	GlobalSection(ProjectConfigurationPlatforms) = postSolution
		{D20BBE52-9021-4111-98FF-C0D60C0ABD56}.Debug|Any CPU.ActiveCfg = Debug|Any CPU
		{D20BBE52-9021-4111-98FF-C0D60C0ABD56}.Debug|Any CPU.Build.0 = Debug|Any CPU
		{D20BBE52-9021-4111-98FF-C0D60C0ABD56}.Release|Any CPU.ActiveCfg = Release|Any CPU
		{D20BBE52-9021-4111-98FF-C0D60C0ABD56}.Release|Any CPU.Build.0 = Release|Any CPU
		{277ACDB4-73A2-4BF8-A6E9-56320E3FFF5B}.Debug|Any CPU.ActiveCfg = Debug|Any CPU
		{277ACDB4-73A2-4BF8-A6E9-56320E3FFF5B}.Debug|Any CPU.Build.0 = Debug|Any CPU
		{277ACDB4-73A2-4BF8-A6E9-56320E3FFF5B}.Release|Any CPU.ActiveCfg = Release|Any CPU
		{277ACDB4-73A2-4BF8-A6E9-56320E3FFF5B}.Release|Any CPU.Build.0 = Release|Any CPU
		{A45342C6-5C83-4A4B-8EE5-4E207B6D6DEE}.Debug|Any CPU.ActiveCfg = Debug|Any CPU
		{A45342C6-5C83-4A4B-8EE5-4E207B6D6DEE}.Debug|Any CPU.Build.0 = Debug|Any CPU
		{A45342C6-5C83-4A4B-8EE5-4E207B6D6DEE}.Release|Any CPU.ActiveCfg = Release|Any CPU
		{A45342C6-5C83-4A4B-8EE5-4E207B6D6DEE}.Release|Any CPU.Build.0 = Release|Any CPU
		{6933360A-85CE-44BF-BEBD-7A83294EDCC7}.Debug|Any CPU.ActiveCfg = Debug|Any CPU
		{6933360A-85CE-44BF-BEBD-7A83294EDCC7}.Debug|Any CPU.Build.0 = Debug|Any CPU
		{6933360A-85CE-44BF-BEBD-7A83294EDCC7}.Release|Any CPU.ActiveCfg = Release|Any CPU
		{6933360A-85CE-44BF-BEBD-7A83294EDCC7}.Release|Any CPU.Build.0 = Release|Any CPU
		{44D8C25E-AD72-4E18-95D9-5E0FF95C6056}.Debug|Any CPU.ActiveCfg = Debug|Any CPU
		{44D8C25E-AD72-4E18-95D9-5E0FF95C6056}.Debug|Any CPU.Build.0 = Debug|Any CPU
		{44D8C25E-AD72-4E18-95D9-5E0FF95C6056}.Release|Any CPU.ActiveCfg = Release|Any CPU
		{44D8C25E-AD72-4E18-95D9-5E0FF95C6056}.Release|Any CPU.Build.0 = Release|Any CPU
		{E3A76F09-611C-4078-AFC3-5CFA393D6609}.Debug|Any CPU.ActiveCfg = Debug|Any CPU
		{E3A76F09-611C-4078-AFC3-5CFA393D6609}.Debug|Any CPU.Build.0 = Debug|Any CPU
		{E3A76F09-611C-4078-AFC3-5CFA393D6609}.Release|Any CPU.ActiveCfg = Release|Any CPU
		{E3A76F09-611C-4078-AFC3-5CFA393D6609}.Release|Any CPU.Build.0 = Release|Any CPU
		{EA5453E7-26D1-42A2-B174-1E68EE9C9432}.Debug|Any CPU.ActiveCfg = Debug|Any CPU
		{EA5453E7-26D1-42A2-B174-1E68EE9C9432}.Debug|Any CPU.Build.0 = Debug|Any CPU
		{EA5453E7-26D1-42A2-B174-1E68EE9C9432}.Release|Any CPU.ActiveCfg = Release|Any CPU
		{EA5453E7-26D1-42A2-B174-1E68EE9C9432}.Release|Any CPU.Build.0 = Release|Any CPU
		{3DB6B153-D633-4A0D-BFAD-A81693887E5D}.Debug|Any CPU.ActiveCfg = Debug|Any CPU
		{3DB6B153-D633-4A0D-BFAD-A81693887E5D}.Debug|Any CPU.Build.0 = Debug|Any CPU
		{3DB6B153-D633-4A0D-BFAD-A81693887E5D}.Release|Any CPU.ActiveCfg = Release|Any CPU
		{3DB6B153-D633-4A0D-BFAD-A81693887E5D}.Release|Any CPU.Build.0 = Release|Any CPU
		{40DB1AA5-5576-4AC4-BEFB-D2C42BBAC81C}.Debug|Any CPU.ActiveCfg = Debug|Any CPU
		{40DB1AA5-5576-4AC4-BEFB-D2C42BBAC81C}.Debug|Any CPU.Build.0 = Debug|Any CPU
		{40DB1AA5-5576-4AC4-BEFB-D2C42BBAC81C}.Release|Any CPU.ActiveCfg = Release|Any CPU
		{40DB1AA5-5576-4AC4-BEFB-D2C42BBAC81C}.Release|Any CPU.Build.0 = Release|Any CPU
	EndGlobalSection
	GlobalSection(SolutionProperties) = preSolution
		HideSolutionNode = FALSE
	EndGlobalSection
	GlobalSection(NestedProjects) = preSolution
		{D20BBE52-9021-4111-98FF-C0D60C0ABD56} = {671F971F-D97E-412B-A546-67BC98EF2631}
		{277ACDB4-73A2-4BF8-A6E9-56320E3FFF5B} = {671F971F-D97E-412B-A546-67BC98EF2631}
		{A45342C6-5C83-4A4B-8EE5-4E207B6D6DEE} = {671F971F-D97E-412B-A546-67BC98EF2631}
		{6933360A-85CE-44BF-BEBD-7A83294EDCC7} = {671F971F-D97E-412B-A546-67BC98EF2631}
		{44D8C25E-AD72-4E18-95D9-5E0FF95C6056} = {E993DD9A-4593-4559-B9A8-9AE8214ECDAE}
		{E3A76F09-611C-4078-AFC3-5CFA393D6609} = {E993DD9A-4593-4559-B9A8-9AE8214ECDAE}
		{EA5453E7-26D1-42A2-B174-1E68EE9C9432} = {E993DD9A-4593-4559-B9A8-9AE8214ECDAE}
		{3DB6B153-D633-4A0D-BFAD-A81693887E5D} = {E993DD9A-4593-4559-B9A8-9AE8214ECDAE}
		{40DB1AA5-5576-4AC4-BEFB-D2C42BBAC81C} = {FB77ECE3-0834-4BCA-B1D8-D33AD12CB3D2}
	EndGlobalSection
	GlobalSection(ExtensibilityGlobals) = postSolution
		SolutionGuid = {0EE7228F-6A28-47EB-906B-6FFEE39AF426}
	EndGlobalSection
EndGlobal
